// !$*UTF8*$!
{
	archiveVersion = 1;
	classes = {
	};
	objectVersion = 56;
	objects = {

/* Begin PBXBuildFile section */
		C4D54C5B2A41FF3800F0BCC3 /* AppDelegate.swift in Sources */ = {isa = PBXBuildFile; fileRef = C4D54C5A2A41FF3800F0BCC3 /* AppDelegate.swift */; };
		C4D54C5F2A41FF3800F0BCC3 /* MainViewController.swift in Sources */ = {isa = PBXBuildFile; fileRef = C4D54C5E2A41FF3800F0BCC3 /* MainViewController.swift */; };
		C4D54C642A41FF4200F0BCC3 /* Assets.xcassets in Resources */ = {isa = PBXBuildFile; fileRef = C4D54C632A41FF4200F0BCC3 /* Assets.xcassets */; };
		C4D54C672A41FF4200F0BCC3 /* LaunchScreen.storyboard in Resources */ = {isa = PBXBuildFile; fileRef = C4D54C652A41FF4200F0BCC3 /* LaunchScreen.storyboard */; };
		C4D54C732A4240B100F0BCC3 /* DetailsViewController.swift in Sources */ = {isa = PBXBuildFile; fileRef = C4D54C722A4240B100F0BCC3 /* DetailsViewController.swift */; };
		C4D54C752A42445900F0BCC3 /* MainViewPresenter.swift in Sources */ = {isa = PBXBuildFile; fileRef = C4D54C742A42445900F0BCC3 /* MainViewPresenter.swift */; };
		C4D54C772A42447000F0BCC3 /* DetailsViewPresenter.swift in Sources */ = {isa = PBXBuildFile; fileRef = C4D54C762A42446F00F0BCC3 /* DetailsViewPresenter.swift */; };
		C4ECE54E2A4250D600866970 /* SearchService.swift in Sources */ = {isa = PBXBuildFile; fileRef = C4ECE54D2A4250D600866970 /* SearchService.swift */; };
		C4ECE54F2A4251CD00866970 /* SearchAPI.swift in Sources */ = {isa = PBXBuildFile; fileRef = C4ECE54C2A424F5900866970 /* SearchAPI.swift */; };
		C4ECE5512A4255D600866970 /* Media.swift in Sources */ = {isa = PBXBuildFile; fileRef = C4ECE5502A4255D600866970 /* Media.swift */; };
		C4ECE5532A42596900866970 /* ArtistTableViewCell.swift in Sources */ = {isa = PBXBuildFile; fileRef = C4ECE5522A42596900866970 /* ArtistTableViewCell.swift */; };
		C4ECE5562A425A4C00866970 /* UIView+Extension.swift in Sources */ = {isa = PBXBuildFile; fileRef = C4ECE5552A425A4C00866970 /* UIView+Extension.swift */; };
		C4ECE55A2A426FC500866970 /* UIColor+Extension.swift in Sources */ = {isa = PBXBuildFile; fileRef = C4ECE5592A426FC500866970 /* UIColor+Extension.swift */; };
		C4ECE55C2A4270F900866970 /* CGFloat+Extension.swift in Sources */ = {isa = PBXBuildFile; fileRef = C4ECE55B2A4270F900866970 /* CGFloat+Extension.swift */; };
		C584D41D1FAD74E06391811E /* Pods_SimpleApp.framework in Frameworks */ = {isa = PBXBuildFile; fileRef = 53E72C55470014C58A3A9502 /* Pods_SimpleApp.framework */; };
/* End PBXBuildFile section */

/* Begin PBXFileReference section */
		0645DB42C4171E6CEE30B570 /* Pods-SimpleApp.release.xcconfig */ = {isa = PBXFileReference; includeInIndex = 1; lastKnownFileType = text.xcconfig; name = "Pods-SimpleApp.release.xcconfig"; path = "Target Support Files/Pods-SimpleApp/Pods-SimpleApp.release.xcconfig"; sourceTree = "<group>"; };
		53E72C55470014C58A3A9502 /* Pods_SimpleApp.framework */ = {isa = PBXFileReference; explicitFileType = wrapper.framework; includeInIndex = 0; path = Pods_SimpleApp.framework; sourceTree = BUILT_PRODUCTS_DIR; };
		B6BC50EA48A5931D45A41B61 /* Pods-SimpleApp.debug.xcconfig */ = {isa = PBXFileReference; includeInIndex = 1; lastKnownFileType = text.xcconfig; name = "Pods-SimpleApp.debug.xcconfig"; path = "Target Support Files/Pods-SimpleApp/Pods-SimpleApp.debug.xcconfig"; sourceTree = "<group>"; };
		C4D54C572A41FF3800F0BCC3 /* SimpleApp.app */ = {isa = PBXFileReference; explicitFileType = wrapper.application; includeInIndex = 0; path = SimpleApp.app; sourceTree = BUILT_PRODUCTS_DIR; };
		C4D54C5A2A41FF3800F0BCC3 /* AppDelegate.swift */ = {isa = PBXFileReference; lastKnownFileType = sourcecode.swift; path = AppDelegate.swift; sourceTree = "<group>"; };
		C4D54C5E2A41FF3800F0BCC3 /* MainViewController.swift */ = {isa = PBXFileReference; lastKnownFileType = sourcecode.swift; path = MainViewController.swift; sourceTree = "<group>"; };
		C4D54C632A41FF4200F0BCC3 /* Assets.xcassets */ = {isa = PBXFileReference; lastKnownFileType = folder.assetcatalog; path = Assets.xcassets; sourceTree = "<group>"; };
		C4D54C662A41FF4200F0BCC3 /* Base */ = {isa = PBXFileReference; lastKnownFileType = file.storyboard; name = Base; path = Base.lproj/LaunchScreen.storyboard; sourceTree = "<group>"; };
		C4D54C682A41FF4200F0BCC3 /* Info.plist */ = {isa = PBXFileReference; lastKnownFileType = text.plist.xml; path = Info.plist; sourceTree = "<group>"; };
		C4D54C722A4240B100F0BCC3 /* DetailsViewController.swift */ = {isa = PBXFileReference; lastKnownFileType = sourcecode.swift; path = DetailsViewController.swift; sourceTree = "<group>"; };
		C4D54C742A42445900F0BCC3 /* MainViewPresenter.swift */ = {isa = PBXFileReference; lastKnownFileType = sourcecode.swift; path = MainViewPresenter.swift; sourceTree = "<group>"; };
		C4D54C762A42446F00F0BCC3 /* DetailsViewPresenter.swift */ = {isa = PBXFileReference; lastKnownFileType = sourcecode.swift; path = DetailsViewPresenter.swift; sourceTree = "<group>"; };
		C4ECE54C2A424F5900866970 /* SearchAPI.swift */ = {isa = PBXFileReference; lastKnownFileType = sourcecode.swift; path = SearchAPI.swift; sourceTree = "<group>"; };
		C4ECE54D2A4250D600866970 /* SearchService.swift */ = {isa = PBXFileReference; lastKnownFileType = sourcecode.swift; path = SearchService.swift; sourceTree = "<group>"; };
		C4ECE5502A4255D600866970 /* Media.swift */ = {isa = PBXFileReference; lastKnownFileType = sourcecode.swift; path = Media.swift; sourceTree = "<group>"; };
		C4ECE5522A42596900866970 /* ArtistTableViewCell.swift */ = {isa = PBXFileReference; lastKnownFileType = sourcecode.swift; path = ArtistTableViewCell.swift; sourceTree = "<group>"; };
		C4ECE5552A425A4C00866970 /* UIView+Extension.swift */ = {isa = PBXFileReference; lastKnownFileType = sourcecode.swift; path = "UIView+Extension.swift"; sourceTree = "<group>"; };
		C4ECE5592A426FC500866970 /* UIColor+Extension.swift */ = {isa = PBXFileReference; lastKnownFileType = sourcecode.swift; path = "UIColor+Extension.swift"; sourceTree = "<group>"; };
		C4ECE55B2A4270F900866970 /* CGFloat+Extension.swift */ = {isa = PBXFileReference; lastKnownFileType = sourcecode.swift; path = "CGFloat+Extension.swift"; sourceTree = "<group>"; };
/* End PBXFileReference section */

/* Begin PBXFrameworksBuildPhase section */
		C4D54C542A41FF3800F0BCC3 /* Frameworks */ = {
			isa = PBXFrameworksBuildPhase;
			buildActionMask = 2147483647;
			files = (
				C584D41D1FAD74E06391811E /* Pods_SimpleApp.framework in Frameworks */,
			);
			runOnlyForDeploymentPostprocessing = 0;
		};
/* End PBXFrameworksBuildPhase section */

/* Begin PBXGroup section */
		4E8149ABCED92BABF66E8FA7 /* Pods */ = {
			isa = PBXGroup;
			children = (
				B6BC50EA48A5931D45A41B61 /* Pods-SimpleApp.debug.xcconfig */,
				0645DB42C4171E6CEE30B570 /* Pods-SimpleApp.release.xcconfig */,
			);
			path = Pods;
			sourceTree = "<group>";
		};
		6AEE4D5632BC66D446CF1F6D /* Frameworks */ = {
			isa = PBXGroup;
			children = (
				53E72C55470014C58A3A9502 /* Pods_SimpleApp.framework */,
			);
			name = Frameworks;
			sourceTree = "<group>";
		};
		C4D54C4E2A41FF3800F0BCC3 = {
			isa = PBXGroup;
			children = (
				C4D54C592A41FF3800F0BCC3 /* SimpleApp */,
				C4D54C582A41FF3800F0BCC3 /* Products */,
				4E8149ABCED92BABF66E8FA7 /* Pods */,
				6AEE4D5632BC66D446CF1F6D /* Frameworks */,
			);
			sourceTree = "<group>";
		};
		C4D54C582A41FF3800F0BCC3 /* Products */ = {
			isa = PBXGroup;
			children = (
				C4D54C572A41FF3800F0BCC3 /* SimpleApp.app */,
			);
			name = Products;
			sourceTree = "<group>";
		};
		C4D54C592A41FF3800F0BCC3 /* SimpleApp */ = {
			isa = PBXGroup;
			children = (
				C4ECE5572A425A5000866970 /* Extensions */,
				C4ECE54B2A424F5800866970 /* Network */,
				C4D54C6E2A423FDE00F0BCC3 /* Screens */,
				C4D54C712A42408500F0BCC3 /* Storyboards */,
				C4D54C6F2A42403E00F0BCC3 /* Source */,
				C4D54C702A42407200F0BCC3 /* SupportingFiles */,
			);
			path = SimpleApp;
			sourceTree = "<group>";
		};
		C4D54C6E2A423FDE00F0BCC3 /* Screens */ = {
			isa = PBXGroup;
			children = (
				C4D54C782A42486E00F0BCC3 /* Main */,
				C4ECE5482A4249B500866970 /* Details */,
			);
			path = Screens;
			sourceTree = "<group>";
		};
		C4D54C6F2A42403E00F0BCC3 /* Source */ = {
			isa = PBXGroup;
			children = (
				C4D54C632A41FF4200F0BCC3 /* Assets.xcassets */,
			);
			path = Source;
			sourceTree = "<group>";
		};
		C4D54C702A42407200F0BCC3 /* SupportingFiles */ = {
			isa = PBXGroup;
			children = (
				C4D54C5A2A41FF3800F0BCC3 /* AppDelegate.swift */,
				C4D54C682A41FF4200F0BCC3 /* Info.plist */,
			);
			path = SupportingFiles;
			sourceTree = "<group>";
		};
		C4D54C712A42408500F0BCC3 /* Storyboards */ = {
			isa = PBXGroup;
			children = (
				C4D54C652A41FF4200F0BCC3 /* LaunchScreen.storyboard */,
			);
			path = Storyboards;
			sourceTree = "<group>";
		};
		C4D54C782A42486E00F0BCC3 /* Main */ = {
			isa = PBXGroup;
			children = (
				C4D54C5E2A41FF3800F0BCC3 /* MainViewController.swift */,
				C4D54C742A42445900F0BCC3 /* MainViewPresenter.swift */,
				C4ECE5542A42597100866970 /* Cells */,
			);
			path = Main;
			sourceTree = "<group>";
		};
		C4ECE5482A4249B500866970 /* Details */ = {
			isa = PBXGroup;
			children = (
				C4D54C722A4240B100F0BCC3 /* DetailsViewController.swift */,
				C4D54C762A42446F00F0BCC3 /* DetailsViewPresenter.swift */,
			);
			path = Details;
			sourceTree = "<group>";
		};
		C4ECE54B2A424F5800866970 /* Network */ = {
			isa = PBXGroup;
			children = (
				C4ECE5582A4261AB00866970 /* Models */,
				C4ECE54C2A424F5900866970 /* SearchAPI.swift */,
				C4ECE54D2A4250D600866970 /* SearchService.swift */,
			);
			path = Network;
			sourceTree = "<group>";
		};
		C4ECE5542A42597100866970 /* Cells */ = {
			isa = PBXGroup;
			children = (
				C4ECE5522A42596900866970 /* ArtistTableViewCell.swift */,
			);
			path = Cells;
			sourceTree = "<group>";
		};
		C4ECE5572A425A5000866970 /* Extensions */ = {
			isa = PBXGroup;
			children = (
				C4ECE55B2A4270F900866970 /* CGFloat+Extension.swift */,
				C4ECE5592A426FC500866970 /* UIColor+Extension.swift */,
				C4ECE5552A425A4C00866970 /* UIView+Extension.swift */,
			);
			path = Extensions;
			sourceTree = "<group>";
		};
		C4ECE5582A4261AB00866970 /* Models */ = {
			isa = PBXGroup;
			children = (
				C4ECE55D2A4273AC00866970 /* Responses */,
			);
			path = Models;
			sourceTree = "<group>";
		};
		C4ECE55D2A4273AC00866970 /* Responses */ = {
			isa = PBXGroup;
			children = (
				C4ECE5502A4255D600866970 /* Media.swift */,
			);
			path = Responses;
			sourceTree = "<group>";
		};
/* End PBXGroup section */

/* Begin PBXNativeTarget section */
		C4D54C562A41FF3800F0BCC3 /* SimpleApp */ = {
			isa = PBXNativeTarget;
			buildConfigurationList = C4D54C6B2A41FF4200F0BCC3 /* Build configuration list for PBXNativeTarget "SimpleApp" */;
			buildPhases = (
				60E6C89797F9AC7C2F8C5565 /* [CP] Check Pods Manifest.lock */,
				C4D54C532A41FF3800F0BCC3 /* Sources */,
				C4D54C542A41FF3800F0BCC3 /* Frameworks */,
				C4D54C552A41FF3800F0BCC3 /* Resources */,
				AF44E0FB1FBCC4759907EF85 /* [CP] Embed Pods Frameworks */,
			);
			buildRules = (
			);
			dependencies = (
			);
			name = SimpleApp;
			productName = SimpleApp;
			productReference = C4D54C572A41FF3800F0BCC3 /* SimpleApp.app */;
			productType = "com.apple.product-type.application";
		};
/* End PBXNativeTarget section */

/* Begin PBXProject section */
		C4D54C4F2A41FF3800F0BCC3 /* Project object */ = {
			isa = PBXProject;
			attributes = {
				BuildIndependentTargetsInParallel = 1;
				LastSwiftUpdateCheck = 1410;
				LastUpgradeCheck = 1410;
				TargetAttributes = {
					C4D54C562A41FF3800F0BCC3 = {
						CreatedOnToolsVersion = 14.1;
					};
				};
			};
			buildConfigurationList = C4D54C522A41FF3800F0BCC3 /* Build configuration list for PBXProject "SimpleApp" */;
			compatibilityVersion = "Xcode 14.0";
			developmentRegion = en;
			hasScannedForEncodings = 0;
			knownRegions = (
				en,
				Base,
			);
			mainGroup = C4D54C4E2A41FF3800F0BCC3;
			productRefGroup = C4D54C582A41FF3800F0BCC3 /* Products */;
			projectDirPath = "";
			projectRoot = "";
			targets = (
				C4D54C562A41FF3800F0BCC3 /* SimpleApp */,
			);
		};
/* End PBXProject section */

/* Begin PBXResourcesBuildPhase section */
		C4D54C552A41FF3800F0BCC3 /* Resources */ = {
			isa = PBXResourcesBuildPhase;
			buildActionMask = 2147483647;
			files = (
				C4D54C672A41FF4200F0BCC3 /* LaunchScreen.storyboard in Resources */,
				C4D54C642A41FF4200F0BCC3 /* Assets.xcassets in Resources */,
			);
			runOnlyForDeploymentPostprocessing = 0;
		};
/* End PBXResourcesBuildPhase section */

/* Begin PBXShellScriptBuildPhase section */
		60E6C89797F9AC7C2F8C5565 /* [CP] Check Pods Manifest.lock */ = {
			isa = PBXShellScriptBuildPhase;
			buildActionMask = 2147483647;
			files = (
			);
			inputFileListPaths = (
			);
			inputPaths = (
				"${PODS_PODFILE_DIR_PATH}/Podfile.lock",
				"${PODS_ROOT}/Manifest.lock",
			);
			name = "[CP] Check Pods Manifest.lock";
			outputFileListPaths = (
			);
			outputPaths = (
				"$(DERIVED_FILE_DIR)/Pods-SimpleApp-checkManifestLockResult.txt",
			);
			runOnlyForDeploymentPostprocessing = 0;
			shellPath = /bin/sh;
			shellScript = "diff \"${PODS_PODFILE_DIR_PATH}/Podfile.lock\" \"${PODS_ROOT}/Manifest.lock\" > /dev/null\nif [ $? != 0 ] ; then\n    # print error to STDERR\n    echo \"error: The sandbox is not in sync with the Podfile.lock. Run 'pod install' or update your CocoaPods installation.\" >&2\n    exit 1\nfi\n# This output is used by Xcode 'outputs' to avoid re-running this script phase.\necho \"SUCCESS\" > \"${SCRIPT_OUTPUT_FILE_0}\"\n";
			showEnvVarsInLog = 0;
		};
		AF44E0FB1FBCC4759907EF85 /* [CP] Embed Pods Frameworks */ = {
			isa = PBXShellScriptBuildPhase;
			buildActionMask = 2147483647;
			files = (
			);
			inputFileListPaths = (
				"${PODS_ROOT}/Target Support Files/Pods-SimpleApp/Pods-SimpleApp-frameworks-${CONFIGURATION}-input-files.xcfilelist",
			);
			name = "[CP] Embed Pods Frameworks";
			outputFileListPaths = (
				"${PODS_ROOT}/Target Support Files/Pods-SimpleApp/Pods-SimpleApp-frameworks-${CONFIGURATION}-output-files.xcfilelist",
			);
			runOnlyForDeploymentPostprocessing = 0;
			shellPath = /bin/sh;
			shellScript = "\"${PODS_ROOT}/Target Support Files/Pods-SimpleApp/Pods-SimpleApp-frameworks.sh\"\n";
			showEnvVarsInLog = 0;
		};
/* End PBXShellScriptBuildPhase section */

/* Begin PBXSourcesBuildPhase section */
		C4D54C532A41FF3800F0BCC3 /* Sources */ = {
			isa = PBXSourcesBuildPhase;
			buildActionMask = 2147483647;
			files = (
				C4D54C732A4240B100F0BCC3 /* DetailsViewController.swift in Sources */,
				C4D54C5F2A41FF3800F0BCC3 /* MainViewController.swift in Sources */,
				C4ECE55C2A4270F900866970 /* CGFloat+Extension.swift in Sources */,
				C4ECE54F2A4251CD00866970 /* SearchAPI.swift in Sources */,
				C4ECE55A2A426FC500866970 /* UIColor+Extension.swift in Sources */,
				C4D54C752A42445900F0BCC3 /* MainViewPresenter.swift in Sources */,
				C4ECE5532A42596900866970 /* ArtistTableViewCell.swift in Sources */,
				C4ECE54E2A4250D600866970 /* SearchService.swift in Sources */,
				C4D54C5B2A41FF3800F0BCC3 /* AppDelegate.swift in Sources */,
				C4ECE5512A4255D600866970 /* Media.swift in Sources */,
				C4ECE5562A425A4C00866970 /* UIView+Extension.swift in Sources */,
				C4D54C772A42447000F0BCC3 /* DetailsViewPresenter.swift in Sources */,
			);
			runOnlyForDeploymentPostprocessing = 0;
		};
/* End PBXSourcesBuildPhase section */

/* Begin PBXVariantGroup section */
		C4D54C652A41FF4200F0BCC3 /* LaunchScreen.storyboard */ = {
			isa = PBXVariantGroup;
			children = (
				C4D54C662A41FF4200F0BCC3 /* Base */,
			);
			name = LaunchScreen.storyboard;
			sourceTree = "<group>";
		};
/* End PBXVariantGroup section */

/* Begin XCBuildConfiguration section */
		C4D54C692A41FF4200F0BCC3 /* Debug */ = {
			isa = XCBuildConfiguration;
			buildSettings = {
				ALWAYS_SEARCH_USER_PATHS = NO;
				CLANG_ANALYZER_NONNULL = YES;
				CLANG_ANALYZER_NUMBER_OBJECT_CONVERSION = YES_AGGRESSIVE;
				CLANG_CXX_LANGUAGE_STANDARD = "gnu++20";
				CLANG_ENABLE_MODULES = YES;
				CLANG_ENABLE_OBJC_ARC = YES;
				CLANG_ENABLE_OBJC_WEAK = YES;
				CLANG_WARN_BLOCK_CAPTURE_AUTORELEASING = YES;
				CLANG_WARN_BOOL_CONVERSION = YES;
				CLANG_WARN_COMMA = YES;
				CLANG_WARN_CONSTANT_CONVERSION = YES;
				CLANG_WARN_DEPRECATED_OBJC_IMPLEMENTATIONS = YES;
				CLANG_WARN_DIRECT_OBJC_ISA_USAGE = YES_ERROR;
				CLANG_WARN_DOCUMENTATION_COMMENTS = YES;
				CLANG_WARN_EMPTY_BODY = YES;
				CLANG_WARN_ENUM_CONVERSION = YES;
				CLANG_WARN_INFINITE_RECURSION = YES;
				CLANG_WARN_INT_CONVERSION = YES;
				CLANG_WARN_NON_LITERAL_NULL_CONVERSION = YES;
				CLANG_WARN_OBJC_IMPLICIT_RETAIN_SELF = YES;
				CLANG_WARN_OBJC_LITERAL_CONVERSION = YES;
				CLANG_WARN_OBJC_ROOT_CLASS = YES_ERROR;
				CLANG_WARN_QUOTED_INCLUDE_IN_FRAMEWORK_HEADER = YES;
				CLANG_WARN_RANGE_LOOP_ANALYSIS = YES;
				CLANG_WARN_STRICT_PROTOTYPES = YES;
				CLANG_WARN_SUSPICIOUS_MOVE = YES;
				CLANG_WARN_UNGUARDED_AVAILABILITY = YES_AGGRESSIVE;
				CLANG_WARN_UNREACHABLE_CODE = YES;
				CLANG_WARN__DUPLICATE_METHOD_MATCH = YES;
				COPY_PHASE_STRIP = NO;
				DEBUG_INFORMATION_FORMAT = dwarf;
				ENABLE_STRICT_OBJC_MSGSEND = YES;
				ENABLE_TESTABILITY = YES;
				GCC_C_LANGUAGE_STANDARD = gnu11;
				GCC_DYNAMIC_NO_PIC = NO;
				GCC_NO_COMMON_BLOCKS = YES;
				GCC_OPTIMIZATION_LEVEL = 0;
				GCC_PREPROCESSOR_DEFINITIONS = (
					"DEBUG=1",
					"$(inherited)",
				);
				GCC_WARN_64_TO_32_BIT_CONVERSION = YES;
				GCC_WARN_ABOUT_RETURN_TYPE = YES_ERROR;
				GCC_WARN_UNDECLARED_SELECTOR = YES;
				GCC_WARN_UNINITIALIZED_AUTOS = YES_AGGRESSIVE;
				GCC_WARN_UNUSED_FUNCTION = YES;
				GCC_WARN_UNUSED_VARIABLE = YES;
				IPHONEOS_DEPLOYMENT_TARGET = 16.1;
				MTL_ENABLE_DEBUG_INFO = INCLUDE_SOURCE;
				MTL_FAST_MATH = YES;
				ONLY_ACTIVE_ARCH = YES;
				SDKROOT = iphoneos;
				SWIFT_ACTIVE_COMPILATION_CONDITIONS = DEBUG;
				SWIFT_OPTIMIZATION_LEVEL = "-Onone";
			};
			name = Debug;
		};
		C4D54C6A2A41FF4200F0BCC3 /* Release */ = {
			isa = XCBuildConfiguration;
			buildSettings = {
				ALWAYS_SEARCH_USER_PATHS = NO;
				CLANG_ANALYZER_NONNULL = YES;
				CLANG_ANALYZER_NUMBER_OBJECT_CONVERSION = YES_AGGRESSIVE;
				CLANG_CXX_LANGUAGE_STANDARD = "gnu++20";
				CLANG_ENABLE_MODULES = YES;
				CLANG_ENABLE_OBJC_ARC = YES;
				CLANG_ENABLE_OBJC_WEAK = YES;
				CLANG_WARN_BLOCK_CAPTURE_AUTORELEASING = YES;
				CLANG_WARN_BOOL_CONVERSION = YES;
				CLANG_WARN_COMMA = YES;
				CLANG_WARN_CONSTANT_CONVERSION = YES;
				CLANG_WARN_DEPRECATED_OBJC_IMPLEMENTATIONS = YES;
				CLANG_WARN_DIRECT_OBJC_ISA_USAGE = YES_ERROR;
				CLANG_WARN_DOCUMENTATION_COMMENTS = YES;
				CLANG_WARN_EMPTY_BODY = YES;
				CLANG_WARN_ENUM_CONVERSION = YES;
				CLANG_WARN_INFINITE_RECURSION = YES;
				CLANG_WARN_INT_CONVERSION = YES;
				CLANG_WARN_NON_LITERAL_NULL_CONVERSION = YES;
				CLANG_WARN_OBJC_IMPLICIT_RETAIN_SELF = YES;
				CLANG_WARN_OBJC_LITERAL_CONVERSION = YES;
				CLANG_WARN_OBJC_ROOT_CLASS = YES_ERROR;
				CLANG_WARN_QUOTED_INCLUDE_IN_FRAMEWORK_HEADER = YES;
				CLANG_WARN_RANGE_LOOP_ANALYSIS = YES;
				CLANG_WARN_STRICT_PROTOTYPES = YES;
				CLANG_WARN_SUSPICIOUS_MOVE = YES;
				CLANG_WARN_UNGUARDED_AVAILABILITY = YES_AGGRESSIVE;
				CLANG_WARN_UNREACHABLE_CODE = YES;
				CLANG_WARN__DUPLICATE_METHOD_MATCH = YES;
				COPY_PHASE_STRIP = NO;
				DEBUG_INFORMATION_FORMAT = "dwarf-with-dsym";
				ENABLE_NS_ASSERTIONS = NO;
				ENABLE_STRICT_OBJC_MSGSEND = YES;
				GCC_C_LANGUAGE_STANDARD = gnu11;
				GCC_NO_COMMON_BLOCKS = YES;
				GCC_WARN_64_TO_32_BIT_CONVERSION = YES;
				GCC_WARN_ABOUT_RETURN_TYPE = YES_ERROR;
				GCC_WARN_UNDECLARED_SELECTOR = YES;
				GCC_WARN_UNINITIALIZED_AUTOS = YES_AGGRESSIVE;
				GCC_WARN_UNUSED_FUNCTION = YES;
				GCC_WARN_UNUSED_VARIABLE = YES;
				IPHONEOS_DEPLOYMENT_TARGET = 16.1;
				MTL_ENABLE_DEBUG_INFO = NO;
				MTL_FAST_MATH = YES;
				SDKROOT = iphoneos;
				SWIFT_COMPILATION_MODE = wholemodule;
				SWIFT_OPTIMIZATION_LEVEL = "-O";
				VALIDATE_PRODUCT = YES;
			};
			name = Release;
		};
		C4D54C6C2A41FF4200F0BCC3 /* Debug */ = {
			isa = XCBuildConfiguration;
			baseConfigurationReference = B6BC50EA48A5931D45A41B61 /* Pods-SimpleApp.debug.xcconfig */;
			buildSettings = {
				ASSETCATALOG_COMPILER_APPICON_NAME = AppIcon;
				ASSETCATALOG_COMPILER_GLOBAL_ACCENT_COLOR_NAME = AccentColor;
				CODE_SIGN_STYLE = Automatic;
				CURRENT_PROJECT_VERSION = 1;
				DEVELOPMENT_TEAM = MF2X2E877U;
				GENERATE_INFOPLIST_FILE = YES;
				INFOPLIST_FILE = SimpleApp/SupportingFiles/Info.plist;
				INFOPLIST_KEY_UIApplicationSupportsIndirectInputEvents = YES;
				INFOPLIST_KEY_UILaunchStoryboardName = LaunchScreen;
				INFOPLIST_KEY_UISupportedInterfaceOrientations_iPad = "UIInterfaceOrientationPortrait UIInterfaceOrientationPortraitUpsideDown UIInterfaceOrientationLandscapeLeft UIInterfaceOrientationLandscapeRight";
				INFOPLIST_KEY_UISupportedInterfaceOrientations_iPhone = "UIInterfaceOrientationPortrait UIInterfaceOrientationLandscapeLeft UIInterfaceOrientationLandscapeRight";
				LD_RUNPATH_SEARCH_PATHS = (
					"$(inherited)",
					"@executable_path/Frameworks",
				);
				MARKETING_VERSION = 1.0;
				PRODUCT_BUNDLE_IDENTIFIER = com.y.chekalyuk.SimpleApp;
				PRODUCT_NAME = "$(TARGET_NAME)";
				SWIFT_EMIT_LOC_STRINGS = YES;
				SWIFT_VERSION = 5.0;
				TARGETED_DEVICE_FAMILY = "1,2";
			};
			name = Debug;
		};
		C4D54C6D2A41FF4200F0BCC3 /* Release */ = {
			isa = XCBuildConfiguration;
			baseConfigurationReference = 0645DB42C4171E6CEE30B570 /* Pods-SimpleApp.release.xcconfig */;
			buildSettings = {
				ASSETCATALOG_COMPILER_APPICON_NAME = AppIcon;
				ASSETCATALOG_COMPILER_GLOBAL_ACCENT_COLOR_NAME = AccentColor;
				CODE_SIGN_STYLE = Automatic;
				CURRENT_PROJECT_VERSION = 1;
				DEVELOPMENT_TEAM = MF2X2E877U;
				GENERATE_INFOPLIST_FILE = YES;
				INFOPLIST_FILE = SimpleApp/SupportingFiles/Info.plist;
				INFOPLIST_KEY_UIApplicationSupportsIndirectInputEvents = YES;
				INFOPLIST_KEY_UILaunchStoryboardName = LaunchScreen;
				INFOPLIST_KEY_UISupportedInterfaceOrientations_iPad = "UIInterfaceOrientationPortrait UIInterfaceOrientationPortraitUpsideDown UIInterfaceOrientationLandscapeLeft UIInterfaceOrientationLandscapeRight";
				INFOPLIST_KEY_UISupportedInterfaceOrientations_iPhone = "UIInterfaceOrientationPortrait UIInterfaceOrientationLandscapeLeft UIInterfaceOrientationLandscapeRight";
				LD_RUNPATH_SEARCH_PATHS = (
					"$(inherited)",
					"@executable_path/Frameworks",
				);
				MARKETING_VERSION = 1.0;
				PRODUCT_BUNDLE_IDENTIFIER = com.y.chekalyuk.SimpleApp;
				PRODUCT_NAME = "$(TARGET_NAME)";
				SWIFT_EMIT_LOC_STRINGS = YES;
				SWIFT_VERSION = 5.0;
				TARGETED_DEVICE_FAMILY = "1,2";
			};
			name = Release;
		};
/* End XCBuildConfiguration section */

/* Begin XCConfigurationList section */
		C4D54C522A41FF3800F0BCC3 /* Build configuration list for PBXProject "SimpleApp" */ = {
			isa = XCConfigurationList;
			buildConfigurations = (
				C4D54C692A41FF4200F0BCC3 /* Debug */,
				C4D54C6A2A41FF4200F0BCC3 /* Release */,
			);
			defaultConfigurationIsVisible = 0;
			defaultConfigurationName = Release;
		};
		C4D54C6B2A41FF4200F0BCC3 /* Build configuration list for PBXNativeTarget "SimpleApp" */ = {
			isa = XCConfigurationList;
			buildConfigurations = (
				C4D54C6C2A41FF4200F0BCC3 /* Debug */,
				C4D54C6D2A41FF4200F0BCC3 /* Release */,
			);
			defaultConfigurationIsVisible = 0;
			defaultConfigurationName = Release;
		};
/* End XCConfigurationList section */
	};
	rootObject = C4D54C4F2A41FF3800F0BCC3 /* Project object */;
}
